
Microsoft Visual Studio Solution File, Format Version 12.00
# Visual Studio Version 17
VisualStudioVersion = 17.5.002.0
MinimumVisualStudioVersion = 10.0.40219.1
Project("{9A19103F-16F7-4668-BE54-9A1E7A4F7556}") = "Aula01", "Aula01.csproj", "{4ABD7F1E-1F88-4106-B908-32BB340178C2}"
EndProject
Global
	GlobalSection(SolutionConfigurationPlatforms) = preSolution
		Debug|Any CPU = Debug|Any CPU
		Release|Any CPU = Release|Any CPU
	EndGlobalSection
	GlobalSection(ProjectConfigurationPlatforms) = postSolution
		{4ABD7F1E-1F88-4106-B908-32BB340178C2}.Debug|Any CPU.ActiveCfg = Debug|Any CPU
		{4ABD7F1E-1F88-4106-B908-32BB340178C2}.Debug|Any CPU.Build.0 = Debug|Any CPU
		{4ABD7F1E-1F88-4106-B908-32BB340178C2}.Release|Any CPU.ActiveCfg = Release|Any CPU
		{4ABD7F1E-1F88-4106-B908-32BB340178C2}.Release|Any CPU.Build.0 = Release|Any CPU
	EndGlobalSection
	GlobalSection(SolutionProperties) = preSolution
		HideSolutionNode = FALSE
	EndGlobalSection
	GlobalSection(ExtensibilityGlobals) = postSolution
		SolutionGuid = {14BD41F3-2B17-429A-9A80-2D8232E545F3}
	EndGlobalSection
EndGlobal
